
Microsoft Visual Studio Solution File, Format Version 12.00
# Visual Studio Version 16
VisualStudioVersion = 16.0.31129.286
MinimumVisualStudioVersion = 10.0.40219.1
Project("{FAE04EC0-301F-11D3-BF4B-00C04F79EFBC}") = "Tarot.Model", "Tarot.Model\Tarot.Model.csproj", "{7D4CB239-4E5A-483A-8E96-6727A024A632}"
EndProject
Project("{FAE04EC0-301F-11D3-BF4B-00C04F79EFBC}") = "Tarot.Web", "Tarot.Web\Tarot.Web.csproj", "{13E210EF-EC4A-4E20-922A-376B292ED1DF}"
EndProject
Global
	GlobalSection(SolutionConfigurationPlatforms) = preSolution
		Debug|Any CPU = Debug|Any CPU
		Release|Any CPU = Release|Any CPU
	EndGlobalSection
	GlobalSection(ProjectConfigurationPlatforms) = postSolution
		{7D4CB239-4E5A-483A-8E96-6727A024A632}.Debug|Any CPU.ActiveCfg = Debug|Any CPU
		{7D4CB239-4E5A-483A-8E96-6727A024A632}.Debug|Any CPU.Build.0 = Debug|Any CPU
		{7D4CB239-4E5A-483A-8E96-6727A024A632}.Release|Any CPU.ActiveCfg = Release|Any CPU
		{7D4CB239-4E5A-483A-8E96-6727A024A632}.Release|Any CPU.Build.0 = Release|Any CPU
		{13E210EF-EC4A-4E20-922A-376B292ED1DF}.Debug|Any CPU.ActiveCfg = Debug|Any CPU
		{13E210EF-EC4A-4E20-922A-376B292ED1DF}.Debug|Any CPU.Build.0 = Debug|Any CPU
		{13E210EF-EC4A-4E20-922A-376B292ED1DF}.Release|Any CPU.ActiveCfg = Release|Any CPU
		{13E210EF-EC4A-4E20-922A-376B292ED1DF}.Release|Any CPU.Build.0 = Release|Any CPU
	EndGlobalSection
	GlobalSection(SolutionProperties) = preSolution
		HideSolutionNode = FALSE
	EndGlobalSection
	GlobalSection(ExtensibilityGlobals) = postSolution
		SolutionGuid = {B7CE7A47-C4EE-4F1B-835F-9B05ADE8BE93}
	EndGlobalSection
EndGlobal
